// !$*UTF8*$!
{
	archiveVersion = 1;
	classes = {
	};
	objectVersion = 77;
	objects = {

/* Begin PBXBuildFile section */
		080212722F1FCEFC008A0A0F /* ProductListViewModelTests.swift in Sources */ = {isa = PBXBuildFile; fileRef = 080212602F1FCD43008A0A0F /* ProductListViewModelTests.swift */; };
		080212732F1FCF07008A0A0F /* MockFetchProductsUseCase.swift in Sources */ = {isa = PBXBuildFile; fileRef = 0802125E2F1FCD24008A0A0F /* MockFetchProductsUseCase.swift */; };
		08795EC22F1DF6F700220AC2 /* ProductImageView.swift in Sources */ = {isa = PBXBuildFile; fileRef = 08795EC12F1DF6F700220AC2 /* ProductImageView.swift */; };
		08795EC82F1E25DC00220AC2 /* ProductDetailViewModel.swift in Sources */ = {isa = PBXBuildFile; fileRef = 08795EC72F1E25DC00220AC2 /* ProductDetailViewModel.swift */; };
		08795ECC2F1E359D00220AC2 /* Extensions.swift in Sources */ = {isa = PBXBuildFile; fileRef = 08795ECB2F1E359D00220AC2 /* Extensions.swift */; };
		08795ED12F1E3FAD00220AC2 /* APIError.swift in Sources */ = {isa = PBXBuildFile; fileRef = 08795ED02F1E3FAD00220AC2 /* APIError.swift */; };
		089D1B6A2F1D48AC0022D5D1 /* Assets.xcassets in Resources */ = {isa = PBXBuildFile; fileRef = 089D1B612F1D48AC0022D5D1 /* Assets.xcassets */; };
		089D1B6C2F1D48AC0022D5D1 /* LaunchScreen.storyboard in Resources */ = {isa = PBXBuildFile; fileRef = 089D1B642F1D48AC0022D5D1 /* LaunchScreen.storyboard */; };
		089D1B6E2F1D48AC0022D5D1 /* AppDelegate.swift in Sources */ = {isa = PBXBuildFile; fileRef = 089D1B602F1D48AC0022D5D1 /* AppDelegate.swift */; };
		089D1B7D2F1D498B0022D5D1 /* AppConstants.swift in Sources */ = {isa = PBXBuildFile; fileRef = 089D1B7C2F1D498B0022D5D1 /* AppConstants.swift */; };
		089D1B7F2F1D49AE0022D5D1 /* ProductModels.swift in Sources */ = {isa = PBXBuildFile; fileRef = 089D1B7E2F1D49AE0022D5D1 /* ProductModels.swift */; };
		089D1B832F1D49E00022D5D1 /* FetchProductsUseCase.swift in Sources */ = {isa = PBXBuildFile; fileRef = 089D1B822F1D49E00022D5D1 /* FetchProductsUseCase.swift */; };
		089D1B852F1D4A090022D5D1 /* ProductListViewModel.swift in Sources */ = {isa = PBXBuildFile; fileRef = 089D1B842F1D4A090022D5D1 /* ProductListViewModel.swift */; };
		089D1B872F1D4A270022D5D1 /* ProductTableViewCell.swift in Sources */ = {isa = PBXBuildFile; fileRef = 089D1B862F1D4A270022D5D1 /* ProductTableViewCell.swift */; };
		089D1B892F1D4A4F0022D5D1 /* ProductListViewController.swift in Sources */ = {isa = PBXBuildFile; fileRef = 089D1B882F1D4A4F0022D5D1 /* ProductListViewController.swift */; };
		089D1B8B2F1D4A770022D5D1 /* ProductDetailViewController.swift in Sources */ = {isa = PBXBuildFile; fileRef = 089D1B8A2F1D4A770022D5D1 /* ProductDetailViewController.swift */; };
		089D1B8F2F1D4B9B0022D5D1 /* ImageLoader.swift in Sources */ = {isa = PBXBuildFile; fileRef = 089D1B8E2F1D4B9B0022D5D1 /* ImageLoader.swift */; };
		089D1B912F1D559B0022D5D1 /* AppDIContainer.swift in Sources */ = {isa = PBXBuildFile; fileRef = 089D1B902F1D559B0022D5D1 /* AppDIContainer.swift */; };
		089D1B992F1D56180022D5D1 /* APIClient.swift in Sources */ = {isa = PBXBuildFile; fileRef = 089D1B982F1D56180022D5D1 /* APIClient.swift */; };
		089D1B9E2F1D57500022D5D1 /* ProductCellViewModel.swift in Sources */ = {isa = PBXBuildFile; fileRef = 089D1B9D2F1D57500022D5D1 /* ProductCellViewModel.swift */; };
/* End PBXBuildFile section */

/* Begin PBXContainerItemProxy section */
		0802126A2F1FCE5B008A0A0F /* PBXContainerItemProxy */ = {
			isa = PBXContainerItemProxy;
			containerPortal = 089D1B402F1D488D0022D5D1 /* Project object */;
			proxyType = 1;
			remoteGlobalIDString = 089D1B472F1D488D0022D5D1;
			remoteInfo = DemoProducts;
		};
/* End PBXContainerItemProxy section */

/* Begin PBXFileReference section */
		0802125E2F1FCD24008A0A0F /* MockFetchProductsUseCase.swift */ = {isa = PBXFileReference; lastKnownFileType = sourcecode.swift; path = MockFetchProductsUseCase.swift; sourceTree = "<group>"; };
		080212602F1FCD43008A0A0F /* ProductListViewModelTests.swift */ = {isa = PBXFileReference; lastKnownFileType = sourcecode.swift; path = ProductListViewModelTests.swift; sourceTree = "<group>"; };
		080212662F1FCE5B008A0A0F /* DemoProductsTests.xctest */ = {isa = PBXFileReference; explicitFileType = wrapper.cfbundle; includeInIndex = 0; path = DemoProductsTests.xctest; sourceTree = BUILT_PRODUCTS_DIR; };
		08795EC12F1DF6F700220AC2 /* ProductImageView.swift */ = {isa = PBXFileReference; lastKnownFileType = sourcecode.swift; path = ProductImageView.swift; sourceTree = "<group>"; };
		08795EC72F1E25DC00220AC2 /* ProductDetailViewModel.swift */ = {isa = PBXFileReference; lastKnownFileType = sourcecode.swift; path = ProductDetailViewModel.swift; sourceTree = "<group>"; };
		08795ECB2F1E359D00220AC2 /* Extensions.swift */ = {isa = PBXFileReference; lastKnownFileType = sourcecode.swift; path = Extensions.swift; sourceTree = "<group>"; };
		08795ED02F1E3FAD00220AC2 /* APIError.swift */ = {isa = PBXFileReference; lastKnownFileType = sourcecode.swift; path = APIError.swift; sourceTree = "<group>"; };
		089D1B482F1D488D0022D5D1 /* DemoProducts.app */ = {isa = PBXFileReference; explicitFileType = wrapper.application; includeInIndex = 0; path = DemoProducts.app; sourceTree = BUILT_PRODUCTS_DIR; };
		089D1B602F1D48AC0022D5D1 /* AppDelegate.swift */ = {isa = PBXFileReference; lastKnownFileType = sourcecode.swift; path = AppDelegate.swift; sourceTree = "<group>"; };
		089D1B612F1D48AC0022D5D1 /* Assets.xcassets */ = {isa = PBXFileReference; lastKnownFileType = folder.assetcatalog; path = Assets.xcassets; sourceTree = "<group>"; };
		089D1B622F1D48AC0022D5D1 /* Info.plist */ = {isa = PBXFileReference; lastKnownFileType = text.plist.xml; path = Info.plist; sourceTree = "<group>"; };
		089D1B632F1D48AC0022D5D1 /* Base */ = {isa = PBXFileReference; lastKnownFileType = file.storyboard; name = Base; path = Base.lproj/LaunchScreen.storyboard; sourceTree = "<group>"; };
		089D1B7C2F1D498B0022D5D1 /* AppConstants.swift */ = {isa = PBXFileReference; lastKnownFileType = sourcecode.swift; path = AppConstants.swift; sourceTree = "<group>"; };
		089D1B7E2F1D49AE0022D5D1 /* ProductModels.swift */ = {isa = PBXFileReference; lastKnownFileType = sourcecode.swift; path = ProductModels.swift; sourceTree = "<group>"; };
		089D1B822F1D49E00022D5D1 /* FetchProductsUseCase.swift */ = {isa = PBXFileReference; lastKnownFileType = sourcecode.swift; path = FetchProductsUseCase.swift; sourceTree = "<group>"; };
		089D1B842F1D4A090022D5D1 /* ProductListViewModel.swift */ = {isa = PBXFileReference; lastKnownFileType = sourcecode.swift; path = ProductListViewModel.swift; sourceTree = "<group>"; };
		089D1B862F1D4A270022D5D1 /* ProductTableViewCell.swift */ = {isa = PBXFileReference; lastKnownFileType = sourcecode.swift; path = ProductTableViewCell.swift; sourceTree = "<group>"; };
		089D1B882F1D4A4F0022D5D1 /* ProductListViewController.swift */ = {isa = PBXFileReference; lastKnownFileType = sourcecode.swift; path = ProductListViewController.swift; sourceTree = "<group>"; };
		089D1B8A2F1D4A770022D5D1 /* ProductDetailViewController.swift */ = {isa = PBXFileReference; lastKnownFileType = sourcecode.swift; path = ProductDetailViewController.swift; sourceTree = "<group>"; };
		089D1B8E2F1D4B9B0022D5D1 /* ImageLoader.swift */ = {isa = PBXFileReference; lastKnownFileType = sourcecode.swift; path = ImageLoader.swift; sourceTree = "<group>"; };
		089D1B902F1D559B0022D5D1 /* AppDIContainer.swift */ = {isa = PBXFileReference; lastKnownFileType = sourcecode.swift; path = AppDIContainer.swift; sourceTree = "<group>"; };
		089D1B982F1D56180022D5D1 /* APIClient.swift */ = {isa = PBXFileReference; lastKnownFileType = sourcecode.swift; path = APIClient.swift; sourceTree = "<group>"; };
		089D1B9D2F1D57500022D5D1 /* ProductCellViewModel.swift */ = {isa = PBXFileReference; lastKnownFileType = sourcecode.swift; path = ProductCellViewModel.swift; sourceTree = "<group>"; };
/* End PBXFileReference section */

/* Begin PBXFrameworksBuildPhase section */
		080212632F1FCE5B008A0A0F /* Frameworks */ = {
			isa = PBXFrameworksBuildPhase;
			buildActionMask = 2147483647;
			files = (
			);
			runOnlyForDeploymentPostprocessing = 0;
		};
		089D1B452F1D488D0022D5D1 /* Frameworks */ = {
			isa = PBXFrameworksBuildPhase;
			buildActionMask = 2147483647;
			files = (
			);
			runOnlyForDeploymentPostprocessing = 0;
		};
/* End PBXFrameworksBuildPhase section */

/* Begin PBXGroup section */
		080212702F1FCE71008A0A0F /* DemoProductsTests */ = {
			isa = PBXGroup;
			children = (
				080212602F1FCD43008A0A0F /* ProductListViewModelTests.swift */,
				0802125E2F1FCD24008A0A0F /* MockFetchProductsUseCase.swift */,
			);
			path = DemoProductsTests;
			sourceTree = "<group>";
		};
		080212742F1FD485008A0A0F /* UIComponents */ = {
			isa = PBXGroup;
			children = (
				08795EC12F1DF6F700220AC2 /* ProductImageView.swift */,
			);
			path = UIComponents;
			sourceTree = "<group>";
		};
		080212752F1FD49A008A0A0F /* Utilities */ = {
			isa = PBXGroup;
			children = (
				089D1B7C2F1D498B0022D5D1 /* AppConstants.swift */,
				089D1B8E2F1D4B9B0022D5D1 /* ImageLoader.swift */,
				08795ECB2F1E359D00220AC2 /* Extensions.swift */,
			);
			path = Utilities;
			sourceTree = "<group>";
		};
		080212762F1FD58A008A0A0F /* Models */ = {
			isa = PBXGroup;
			children = (
				089D1B7E2F1D49AE0022D5D1 /* ProductModels.swift */,
			);
			path = Models;
			sourceTree = "<group>";
		};
		089D1B3F2F1D488D0022D5D1 = {
			isa = PBXGroup;
			children = (
				089D1B692F1D48AC0022D5D1 /* DemoProducts */,
				080212702F1FCE71008A0A0F /* DemoProductsTests */,
				089D1B492F1D488D0022D5D1 /* Products */,
			);
			sourceTree = "<group>";
		};
		089D1B492F1D488D0022D5D1 /* Products */ = {
			isa = PBXGroup;
			children = (
				089D1B482F1D488D0022D5D1 /* DemoProducts.app */,
				080212662F1FCE5B008A0A0F /* DemoProductsTests.xctest */,
			);
			name = Products;
			sourceTree = "<group>";
		};
		089D1B692F1D48AC0022D5D1 /* DemoProducts */ = {
			isa = PBXGroup;
			children = (
				089D1B712F1D48CB0022D5D1 /* App */,
				089D1B922F1D55D80022D5D1 /* Networking */,
				089D1B732F1D48DB0022D5D1 /* Domain */,
				080212762F1FD58A008A0A0F /* Models */,
				089D1B722F1D48D20022D5D1 /* Features */,
				080212742F1FD485008A0A0F /* UIComponents */,
				080212752F1FD49A008A0A0F /* Utilities */,
				089D1B612F1D48AC0022D5D1 /* Assets.xcassets */,
				089D1B622F1D48AC0022D5D1 /* Info.plist */,
				089D1B642F1D48AC0022D5D1 /* LaunchScreen.storyboard */,
			);
			path = DemoProducts;
			sourceTree = "<group>";
		};
		089D1B712F1D48CB0022D5D1 /* App */ = {
			isa = PBXGroup;
			children = (
				089D1B602F1D48AC0022D5D1 /* AppDelegate.swift */,
				089D1B902F1D559B0022D5D1 /* AppDIContainer.swift */,
			);
			path = App;
			sourceTree = "<group>";
		};
		089D1B722F1D48D20022D5D1 /* Features */ = {
			isa = PBXGroup;
			children = (
				089D1B772F1D49460022D5D1 /* ProductList */,
				089D1B782F1D494A0022D5D1 /* ProductDetail */,
			);
			path = Features;
			sourceTree = "<group>";
		};
		089D1B732F1D48DB0022D5D1 /* Domain */ = {
			isa = PBXGroup;
			children = (
				089D1B822F1D49E00022D5D1 /* FetchProductsUseCase.swift */,
			);
			path = Domain;
			sourceTree = "<group>";
		};
		089D1B772F1D49460022D5D1 /* ProductList */ = {
			isa = PBXGroup;
			children = (
				089D1B9D2F1D57500022D5D1 /* ProductCellViewModel.swift */,
				089D1B862F1D4A270022D5D1 /* ProductTableViewCell.swift */,
				089D1B842F1D4A090022D5D1 /* ProductListViewModel.swift */,
				089D1B882F1D4A4F0022D5D1 /* ProductListViewController.swift */,
			);
			path = ProductList;
			sourceTree = "<group>";
		};
		089D1B782F1D494A0022D5D1 /* ProductDetail */ = {
			isa = PBXGroup;
			children = (
				08795EC72F1E25DC00220AC2 /* ProductDetailViewModel.swift */,
				089D1B8A2F1D4A770022D5D1 /* ProductDetailViewController.swift */,
			);
			path = ProductDetail;
			sourceTree = "<group>";
		};
		089D1B922F1D55D80022D5D1 /* Networking */ = {
			isa = PBXGroup;
			children = (
				089D1B982F1D56180022D5D1 /* APIClient.swift */,
				08795ED02F1E3FAD00220AC2 /* APIError.swift */,
			);
			path = Networking;
			sourceTree = "<group>";
		};
/* End PBXGroup section */

/* Begin PBXNativeTarget section */
		080212652F1FCE5B008A0A0F /* DemoProductsTests */ = {
			isa = PBXNativeTarget;
			buildConfigurationList = 0802126C2F1FCE5B008A0A0F /* Build configuration list for PBXNativeTarget "DemoProductsTests" */;
			buildPhases = (
				080212622F1FCE5B008A0A0F /* Sources */,
				080212632F1FCE5B008A0A0F /* Frameworks */,
				080212642F1FCE5B008A0A0F /* Resources */,
			);
			buildRules = (
			);
			dependencies = (
				0802126B2F1FCE5B008A0A0F /* PBXTargetDependency */,
			);
			name = DemoProductsTests;
			packageProductDependencies = (
			);
			productName = DemoProductsTests;
			productReference = 080212662F1FCE5B008A0A0F /* DemoProductsTests.xctest */;
			productType = "com.apple.product-type.bundle.unit-test";
		};
		089D1B472F1D488D0022D5D1 /* DemoProducts */ = {
			isa = PBXNativeTarget;
			buildConfigurationList = 089D1B5B2F1D488F0022D5D1 /* Build configuration list for PBXNativeTarget "DemoProducts" */;
			buildPhases = (
				089D1B442F1D488D0022D5D1 /* Sources */,
				089D1B452F1D488D0022D5D1 /* Frameworks */,
				089D1B462F1D488D0022D5D1 /* Resources */,
			);
			buildRules = (
			);
			dependencies = (
			);
			name = DemoProducts;
			packageProductDependencies = (
			);
			productName = DemoProducts;
			productReference = 089D1B482F1D488D0022D5D1 /* DemoProducts.app */;
			productType = "com.apple.product-type.application";
		};
/* End PBXNativeTarget section */

/* Begin PBXProject section */
		089D1B402F1D488D0022D5D1 /* Project object */ = {
			isa = PBXProject;
			attributes = {
				BuildIndependentTargetsInParallel = 1;
				LastSwiftUpdateCheck = 1640;
				LastUpgradeCheck = 1640;
				TargetAttributes = {
					080212652F1FCE5B008A0A0F = {
						CreatedOnToolsVersion = 16.4;
						TestTargetID = 089D1B472F1D488D0022D5D1;
					};
					089D1B472F1D488D0022D5D1 = {
						CreatedOnToolsVersion = 16.4;
					};
				};
			};
			buildConfigurationList = 089D1B432F1D488D0022D5D1 /* Build configuration list for PBXProject "DemoProducts" */;
			developmentRegion = en;
			hasScannedForEncodings = 0;
			knownRegions = (
				en,
				Base,
			);
			mainGroup = 089D1B3F2F1D488D0022D5D1;
			minimizedProjectReferenceProxies = 1;
			preferredProjectObjectVersion = 77;
			productRefGroup = 089D1B492F1D488D0022D5D1 /* Products */;
			projectDirPath = "";
			projectRoot = "";
			targets = (
				089D1B472F1D488D0022D5D1 /* DemoProducts */,
				080212652F1FCE5B008A0A0F /* DemoProductsTests */,
			);
		};
/* End PBXProject section */

/* Begin PBXResourcesBuildPhase section */
		080212642F1FCE5B008A0A0F /* Resources */ = {
			isa = PBXResourcesBuildPhase;
			buildActionMask = 2147483647;
			files = (
			);
			runOnlyForDeploymentPostprocessing = 0;
		};
		089D1B462F1D488D0022D5D1 /* Resources */ = {
			isa = PBXResourcesBuildPhase;
			buildActionMask = 2147483647;
			files = (
				089D1B6A2F1D48AC0022D5D1 /* Assets.xcassets in Resources */,
				089D1B6C2F1D48AC0022D5D1 /* LaunchScreen.storyboard in Resources */,
			);
			runOnlyForDeploymentPostprocessing = 0;
		};
/* End PBXResourcesBuildPhase section */

/* Begin PBXSourcesBuildPhase section */
		080212622F1FCE5B008A0A0F /* Sources */ = {
			isa = PBXSourcesBuildPhase;
			buildActionMask = 2147483647;
			files = (
				080212732F1FCF07008A0A0F /* MockFetchProductsUseCase.swift in Sources */,
				080212722F1FCEFC008A0A0F /* ProductListViewModelTests.swift in Sources */,
			);
			runOnlyForDeploymentPostprocessing = 0;
		};
		089D1B442F1D488D0022D5D1 /* Sources */ = {
			isa = PBXSourcesBuildPhase;
			buildActionMask = 2147483647;
			files = (
				089D1B6E2F1D48AC0022D5D1 /* AppDelegate.swift in Sources */,
				089D1B892F1D4A4F0022D5D1 /* ProductListViewController.swift in Sources */,
				08795EC22F1DF6F700220AC2 /* ProductImageView.swift in Sources */,
				089D1B9E2F1D57500022D5D1 /* ProductCellViewModel.swift in Sources */,
				089D1B872F1D4A270022D5D1 /* ProductTableViewCell.swift in Sources */,
				08795EC82F1E25DC00220AC2 /* ProductDetailViewModel.swift in Sources */,
				089D1B7D2F1D498B0022D5D1 /* AppConstants.swift in Sources */,
				089D1B8F2F1D4B9B0022D5D1 /* ImageLoader.swift in Sources */,
				089D1B992F1D56180022D5D1 /* APIClient.swift in Sources */,
				089D1B852F1D4A090022D5D1 /* ProductListViewModel.swift in Sources */,
				089D1B912F1D559B0022D5D1 /* AppDIContainer.swift in Sources */,
				089D1B8B2F1D4A770022D5D1 /* ProductDetailViewController.swift in Sources */,
				08795ECC2F1E359D00220AC2 /* Extensions.swift in Sources */,
				08795ED12F1E3FAD00220AC2 /* APIError.swift in Sources */,
				089D1B832F1D49E00022D5D1 /* FetchProductsUseCase.swift in Sources */,
				089D1B7F2F1D49AE0022D5D1 /* ProductModels.swift in Sources */,
			);
			runOnlyForDeploymentPostprocessing = 0;
		};
/* End PBXSourcesBuildPhase section */

/* Begin PBXTargetDependency section */
		0802126B2F1FCE5B008A0A0F /* PBXTargetDependency */ = {
			isa = PBXTargetDependency;
			target = 089D1B472F1D488D0022D5D1 /* DemoProducts */;
			targetProxy = 0802126A2F1FCE5B008A0A0F /* PBXContainerItemProxy */;
		};
/* End PBXTargetDependency section */

/* Begin PBXVariantGroup section */
		089D1B642F1D48AC0022D5D1 /* LaunchScreen.storyboard */ = {
			isa = PBXVariantGroup;
			children = (
				089D1B632F1D48AC0022D5D1 /* Base */,
			);
			name = LaunchScreen.storyboard;
			sourceTree = "<group>";
		};
/* End PBXVariantGroup section */

/* Begin XCBuildConfiguration section */
		0802126D2F1FCE5B008A0A0F /* Debug */ = {
			isa = XCBuildConfiguration;
			buildSettings = {
				BUNDLE_LOADER = "$(TEST_HOST)";
				CODE_SIGN_STYLE = Automatic;
				CURRENT_PROJECT_VERSION = 1;
				DEVELOPMENT_TEAM = NMLRRB2Z6A;
				GENERATE_INFOPLIST_FILE = YES;
				MARKETING_VERSION = 1.0;
				PRODUCT_BUNDLE_IDENTIFIER = com.test.DemoProductsTests;
				PRODUCT_NAME = "$(TARGET_NAME)";
				SWIFT_EMIT_LOC_STRINGS = NO;
				SWIFT_VERSION = 5.0;
				TARGETED_DEVICE_FAMILY = "1,2";
				TEST_HOST = "$(BUILT_PRODUCTS_DIR)/DemoProducts.app/$(BUNDLE_EXECUTABLE_FOLDER_PATH)/DemoProducts";
			};
			name = Debug;
		};
		0802126E2F1FCE5B008A0A0F /* Release */ = {
			isa = XCBuildConfiguration;
			buildSettings = {
				BUNDLE_LOADER = "$(TEST_HOST)";
				CODE_SIGN_STYLE = Automatic;
				CURRENT_PROJECT_VERSION = 1;
				DEVELOPMENT_TEAM = NMLRRB2Z6A;
				GENERATE_INFOPLIST_FILE = YES;
				MARKETING_VERSION = 1.0;
				PRODUCT_BUNDLE_IDENTIFIER = com.test.DemoProductsTests;
				PRODUCT_NAME = "$(TARGET_NAME)";
				SWIFT_EMIT_LOC_STRINGS = NO;
				SWIFT_VERSION = 5.0;
				TARGETED_DEVICE_FAMILY = "1,2";
				TEST_HOST = "$(BUILT_PRODUCTS_DIR)/DemoProducts.app/$(BUNDLE_EXECUTABLE_FOLDER_PATH)/DemoProducts";
			};
			name = Release;
		};
		089D1B5C2F1D488F0022D5D1 /* Debug */ = {
			isa = XCBuildConfiguration;
			buildSettings = {
				ASSETCATALOG_COMPILER_APPICON_NAME = AppIcon;
				ASSETCATALOG_COMPILER_GLOBAL_ACCENT_COLOR_NAME = AccentColor;
				CODE_SIGN_STYLE = Automatic;
				CURRENT_PROJECT_VERSION = 1;
				DEVELOPMENT_TEAM = NMLRRB2Z6A;
				GENERATE_INFOPLIST_FILE = YES;
				INFOPLIST_FILE = DemoProducts/Info.plist;
				INFOPLIST_KEY_UIApplicationSupportsIndirectInputEvents = YES;
				INFOPLIST_KEY_UILaunchStoryboardName = LaunchScreen;
				INFOPLIST_KEY_UIMainStoryboardFile = "";
				INFOPLIST_KEY_UISupportedInterfaceOrientations_iPad = "UIInterfaceOrientationPortrait UIInterfaceOrientationPortraitUpsideDown UIInterfaceOrientationLandscapeLeft UIInterfaceOrientationLandscapeRight";
				INFOPLIST_KEY_UISupportedInterfaceOrientations_iPhone = "UIInterfaceOrientationPortrait UIInterfaceOrientationLandscapeLeft UIInterfaceOrientationLandscapeRight";
				LD_RUNPATH_SEARCH_PATHS = (
					"$(inherited)",
					"@executable_path/Frameworks",
				);
				MARKETING_VERSION = 1.0;
				PRODUCT_BUNDLE_IDENTIFIER = com.test.DemoProducts;
				PRODUCT_NAME = "$(TARGET_NAME)";
				SWIFT_EMIT_LOC_STRINGS = YES;
				SWIFT_VERSION = 5.0;
				TARGETED_DEVICE_FAMILY = "1,2";
			};
			name = Debug;
		};
		089D1B5D2F1D488F0022D5D1 /* Release */ = {
			isa = XCBuildConfiguration;
			buildSettings = {
				ASSETCATALOG_COMPILER_APPICON_NAME = AppIcon;
				ASSETCATALOG_COMPILER_GLOBAL_ACCENT_COLOR_NAME = AccentColor;
				CODE_SIGN_STYLE = Automatic;
				CURRENT_PROJECT_VERSION = 1;
				DEVELOPMENT_TEAM = NMLRRB2Z6A;
				GENERATE_INFOPLIST_FILE = YES;
				INFOPLIST_FILE = DemoProducts/Info.plist;
				INFOPLIST_KEY_UIApplicationSupportsIndirectInputEvents = YES;
				INFOPLIST_KEY_UILaunchStoryboardName = LaunchScreen;
				INFOPLIST_KEY_UIMainStoryboardFile = "";
				INFOPLIST_KEY_UISupportedInterfaceOrientations_iPad = "UIInterfaceOrientationPortrait UIInterfaceOrientationPortraitUpsideDown UIInterfaceOrientationLandscapeLeft UIInterfaceOrientationLandscapeRight";
				INFOPLIST_KEY_UISupportedInterfaceOrientations_iPhone = "UIInterfaceOrientationPortrait UIInterfaceOrientationLandscapeLeft UIInterfaceOrientationLandscapeRight";
				LD_RUNPATH_SEARCH_PATHS = (
					"$(inherited)",
					"@executable_path/Frameworks",
				);
				MARKETING_VERSION = 1.0;
				PRODUCT_BUNDLE_IDENTIFIER = com.test.DemoProducts;
				PRODUCT_NAME = "$(TARGET_NAME)";
				SWIFT_EMIT_LOC_STRINGS = YES;
				SWIFT_VERSION = 5.0;
				TARGETED_DEVICE_FAMILY = "1,2";
			};
			name = Release;
		};
		089D1B5E2F1D488F0022D5D1 /* Debug */ = {
			isa = XCBuildConfiguration;
			buildSettings = {
				ALWAYS_SEARCH_USER_PATHS = NO;
				ASSETCATALOG_COMPILER_GENERATE_SWIFT_ASSET_SYMBOL_EXTENSIONS = YES;
				CLANG_ANALYZER_NONNULL = YES;
				CLANG_ANALYZER_NUMBER_OBJECT_CONVERSION = YES_AGGRESSIVE;
				CLANG_CXX_LANGUAGE_STANDARD = "gnu++20";
				CLANG_ENABLE_MODULES = YES;
				CLANG_ENABLE_OBJC_ARC = YES;
				CLANG_ENABLE_OBJC_WEAK = YES;
				CLANG_WARN_BLOCK_CAPTURE_AUTORELEASING = YES;
				CLANG_WARN_BOOL_CONVERSION = YES;
				CLANG_WARN_COMMA = YES;
				CLANG_WARN_CONSTANT_CONVERSION = YES;
				CLANG_WARN_DEPRECATED_OBJC_IMPLEMENTATIONS = YES;
				CLANG_WARN_DIRECT_OBJC_ISA_USAGE = YES_ERROR;
				CLANG_WARN_DOCUMENTATION_COMMENTS = YES;
				CLANG_WARN_EMPTY_BODY = YES;
				CLANG_WARN_ENUM_CONVERSION = YES;
				CLANG_WARN_INFINITE_RECURSION = YES;
				CLANG_WARN_INT_CONVERSION = YES;
				CLANG_WARN_NON_LITERAL_NULL_CONVERSION = YES;
				CLANG_WARN_OBJC_IMPLICIT_RETAIN_SELF = YES;
				CLANG_WARN_OBJC_LITERAL_CONVERSION = YES;
				CLANG_WARN_OBJC_ROOT_CLASS = YES_ERROR;
				CLANG_WARN_QUOTED_INCLUDE_IN_FRAMEWORK_HEADER = YES;
				CLANG_WARN_RANGE_LOOP_ANALYSIS = YES;
				CLANG_WARN_STRICT_PROTOTYPES = YES;
				CLANG_WARN_SUSPICIOUS_MOVE = YES;
				CLANG_WARN_UNGUARDED_AVAILABILITY = YES_AGGRESSIVE;
				CLANG_WARN_UNREACHABLE_CODE = YES;
				CLANG_WARN__DUPLICATE_METHOD_MATCH = YES;
				COPY_PHASE_STRIP = NO;
				DEBUG_INFORMATION_FORMAT = dwarf;
				DEVELOPMENT_TEAM = NMLRRB2Z6A;
				ENABLE_STRICT_OBJC_MSGSEND = YES;
				ENABLE_TESTABILITY = YES;
				ENABLE_USER_SCRIPT_SANDBOXING = YES;
				GCC_C_LANGUAGE_STANDARD = gnu17;
				GCC_DYNAMIC_NO_PIC = NO;
				GCC_NO_COMMON_BLOCKS = YES;
				GCC_OPTIMIZATION_LEVEL = 0;
				GCC_PREPROCESSOR_DEFINITIONS = (
					"DEBUG=1",
					"$(inherited)",
				);
				GCC_WARN_64_TO_32_BIT_CONVERSION = YES;
				GCC_WARN_ABOUT_RETURN_TYPE = YES_ERROR;
				GCC_WARN_UNDECLARED_SELECTOR = YES;
				GCC_WARN_UNINITIALIZED_AUTOS = YES_AGGRESSIVE;
				GCC_WARN_UNUSED_FUNCTION = YES;
				GCC_WARN_UNUSED_VARIABLE = YES;
				IPHONEOS_DEPLOYMENT_TARGET = 18.5;
				LOCALIZATION_PREFERS_STRING_CATALOGS = YES;
				MTL_ENABLE_DEBUG_INFO = INCLUDE_SOURCE;
				MTL_FAST_MATH = YES;
				ONLY_ACTIVE_ARCH = YES;
				SDKROOT = iphoneos;
				SWIFT_ACTIVE_COMPILATION_CONDITIONS = "DEBUG $(inherited)";
				SWIFT_OPTIMIZATION_LEVEL = "-Onone";
			};
			name = Debug;
		};
		089D1B5F2F1D488F0022D5D1 /* Release */ = {
			isa = XCBuildConfiguration;
			buildSettings = {
				ALWAYS_SEARCH_USER_PATHS = NO;
				ASSETCATALOG_COMPILER_GENERATE_SWIFT_ASSET_SYMBOL_EXTENSIONS = YES;
				CLANG_ANALYZER_NONNULL = YES;
				CLANG_ANALYZER_NUMBER_OBJECT_CONVERSION = YES_AGGRESSIVE;
				CLANG_CXX_LANGUAGE_STANDARD = "gnu++20";
				CLANG_ENABLE_MODULES = YES;
				CLANG_ENABLE_OBJC_ARC = YES;
				CLANG_ENABLE_OBJC_WEAK = YES;
				CLANG_WARN_BLOCK_CAPTURE_AUTORELEASING = YES;
				CLANG_WARN_BOOL_CONVERSION = YES;
				CLANG_WARN_COMMA = YES;
				CLANG_WARN_CONSTANT_CONVERSION = YES;
				CLANG_WARN_DEPRECATED_OBJC_IMPLEMENTATIONS = YES;
				CLANG_WARN_DIRECT_OBJC_ISA_USAGE = YES_ERROR;
				CLANG_WARN_DOCUMENTATION_COMMENTS = YES;
				CLANG_WARN_EMPTY_BODY = YES;
				CLANG_WARN_ENUM_CONVERSION = YES;
				CLANG_WARN_INFINITE_RECURSION = YES;
				CLANG_WARN_INT_CONVERSION = YES;
				CLANG_WARN_NON_LITERAL_NULL_CONVERSION = YES;
				CLANG_WARN_OBJC_IMPLICIT_RETAIN_SELF = YES;
				CLANG_WARN_OBJC_LITERAL_CONVERSION = YES;
				CLANG_WARN_OBJC_ROOT_CLASS = YES_ERROR;
				CLANG_WARN_QUOTED_INCLUDE_IN_FRAMEWORK_HEADER = YES;
				CLANG_WARN_RANGE_LOOP_ANALYSIS = YES;
				CLANG_WARN_STRICT_PROTOTYPES = YES;
				CLANG_WARN_SUSPICIOUS_MOVE = YES;
				CLANG_WARN_UNGUARDED_AVAILABILITY = YES_AGGRESSIVE;
				CLANG_WARN_UNREACHABLE_CODE = YES;
				CLANG_WARN__DUPLICATE_METHOD_MATCH = YES;
				COPY_PHASE_STRIP = NO;
				DEBUG_INFORMATION_FORMAT = "dwarf-with-dsym";
				DEVELOPMENT_TEAM = NMLRRB2Z6A;
				ENABLE_NS_ASSERTIONS = NO;
				ENABLE_STRICT_OBJC_MSGSEND = YES;
				ENABLE_USER_SCRIPT_SANDBOXING = YES;
				GCC_C_LANGUAGE_STANDARD = gnu17;
				GCC_NO_COMMON_BLOCKS = YES;
				GCC_WARN_64_TO_32_BIT_CONVERSION = YES;
				GCC_WARN_ABOUT_RETURN_TYPE = YES_ERROR;
				GCC_WARN_UNDECLARED_SELECTOR = YES;
				GCC_WARN_UNINITIALIZED_AUTOS = YES_AGGRESSIVE;
				GCC_WARN_UNUSED_FUNCTION = YES;
				GCC_WARN_UNUSED_VARIABLE = YES;
				IPHONEOS_DEPLOYMENT_TARGET = 18.5;
				LOCALIZATION_PREFERS_STRING_CATALOGS = YES;
				MTL_ENABLE_DEBUG_INFO = NO;
				MTL_FAST_MATH = YES;
				SDKROOT = iphoneos;
				SWIFT_COMPILATION_MODE = wholemodule;
				VALIDATE_PRODUCT = YES;
			};
			name = Release;
		};
/* End XCBuildConfiguration section */

/* Begin XCConfigurationList section */
		0802126C2F1FCE5B008A0A0F /* Build configuration list for PBXNativeTarget "DemoProductsTests" */ = {
			isa = XCConfigurationList;
			buildConfigurations = (
				0802126D2F1FCE5B008A0A0F /* Debug */,
				0802126E2F1FCE5B008A0A0F /* Release */,
			);
			defaultConfigurationIsVisible = 0;
			defaultConfigurationName = Release;
		};
		089D1B432F1D488D0022D5D1 /* Build configuration list for PBXProject "DemoProducts" */ = {
			isa = XCConfigurationList;
			buildConfigurations = (
				089D1B5E2F1D488F0022D5D1 /* Debug */,
				089D1B5F2F1D488F0022D5D1 /* Release */,
			);
			defaultConfigurationIsVisible = 0;
			defaultConfigurationName = Release;
		};
		089D1B5B2F1D488F0022D5D1 /* Build configuration list for PBXNativeTarget "DemoProducts" */ = {
			isa = XCConfigurationList;
			buildConfigurations = (
				089D1B5C2F1D488F0022D5D1 /* Debug */,
				089D1B5D2F1D488F0022D5D1 /* Release */,
			);
			defaultConfigurationIsVisible = 0;
			defaultConfigurationName = Release;
		};
/* End XCConfigurationList section */
	};
	rootObject = 089D1B402F1D488D0022D5D1 /* Project object */;
}
